{
  "version": "2",
  "remote": {
    "https://deno.land/std@0.162.0/_util/assert.ts": "e94f2eb37cebd7f199952e242c77654e43333c1ac4c5c700e929ea3aa5489f74",
    "https://deno.land/std@0.162.0/bytes/bytes_list.ts": "aba5e2369e77d426b10af1de0dcc4531acecec27f9b9056f4f7bfbf8ac147ab4",
    "https://deno.land/std@0.162.0/bytes/equals.ts": "3c3558c3ae85526f84510aa2b48ab2ad7bdd899e2e0f5b7a8ffc85acb3a6043a",
    "https://deno.land/std@0.162.0/bytes/mod.ts": "b2e342fd3669176a27a4e15061e9d588b89c1aaf5008ab71766e23669565d179",
    "https://deno.land/std@0.162.0/fmt/colors.ts": "9e36a716611dcd2e4865adea9c4bec916b5c60caad4cdcdc630d4974e6bb8bd4",
    "https://deno.land/std@0.162.0/io/buffer.ts": "fae02290f52301c4e0188670e730cd902f9307fb732d79c4aa14ebdc82497289",
    "https://deno.land/std@0.162.0/streams/conversion.ts": "555c6c249f3acf85655f2d0af52d1cb3168e40b1c1fa26beefea501b333abe28",
    "https://deno.land/std@0.197.0/collections/chunk.ts": "f82c52a82ad9338018570c42f6de0fb132fcb14914c31a444e360ac104d7b55b",
    "https://deno.land/x/progress@v1.3.8/deps.ts": "83050e627263931d853ba28b7c15c80bf4be912bea7e0d3d13da2bc0aaf7889d",
    "https://deno.land/x/progress@v1.3.8/mod.ts": "ee152d6e97c0d6ed71e4299b230b66d197f23315a9efb826695b9f77f1a38937",
    "https://deno.land/x/progress@v1.3.8/multi.ts": "670712f0705ecb9b9e5f38d9770f4a5492171cf0f1b268ed55535cbf7d1789a1",
    "https://deno.land/x/progress@v1.3.8/time.ts": "f5b302425cef076958c9352030f48a79bd7b54316b4057f99192884b5e140ea0"
  }
}
